{
  "name": "Random-User-Gen-Vue3",
  "lockfileVersion": 2,
  "requires": true,
  "packages": {
    "": {
      "dependencies": {
        "country-flag-emoji": "^1.0.3"
      }
    },
    "node_modules/country-flag-emoji": {
      "version": "1.0.3",
      "resolved": "https://registry.npmjs.org/country-flag-emoji/-/country-flag-emoji-1.0.3.tgz",
      "integrity": "sha512-OVMltN9rF8Rd9fjDzcNAT376fslwlkTuu+BeqzY4Z+kr+nF/3u4Kod5SyEKuABxwvi6tWO7uszO3MgWzoevAuQ==",
      "engines": {
        "node": ">=10.0.0"
      }
    }
  },
  "dependencies": {
    "country-flag-emoji": {
      "version": "1.0.3",
      "resolved": "https://registry.npmjs.org/country-flag-emoji/-/country-flag-emoji-1.0.3.tgz",
      "integrity": "sha512-OVMltN9rF8Rd9fjDzcNAT376fslwlkTuu+BeqzY4Z+kr+nF/3u4Kod5SyEKuABxwvi6tWO7uszO3MgWzoevAuQ=="
    }
  }
}
